
Microsoft Visual Studio Solution File, Format Version 12.00
# Visual Studio Version 16
VisualStudioVersion = 16.0.31019.35
MinimumVisualStudioVersion = 10.0.40219.1
Project("{FAE04EC0-301F-11D3-BF4B-00C04F79EFBC}") = "cv04", "cv04.csproj", "{CEA62FEF-3DED-4832-942B-7817BD481F40}"
EndProject
Global
	GlobalSection(SolutionConfigurationPlatforms) = preSolution
		Debug|Any CPU = Debug|Any CPU
		Release|Any CPU = Release|Any CPU
	EndGlobalSection
	GlobalSection(ProjectConfigurationPlatforms) = postSolution
		{CEA62FEF-3DED-4832-942B-7817BD481F40}.Debug|Any CPU.ActiveCfg = Debug|Any CPU
		{CEA62FEF-3DED-4832-942B-7817BD481F40}.Debug|Any CPU.Build.0 = Debug|Any CPU
		{CEA62FEF-3DED-4832-942B-7817BD481F40}.Release|Any CPU.ActiveCfg = Release|Any CPU
		{CEA62FEF-3DED-4832-942B-7817BD481F40}.Release|Any CPU.Build.0 = Release|Any CPU
	EndGlobalSection
	GlobalSection(SolutionProperties) = preSolution
		HideSolutionNode = FALSE
	EndGlobalSection
	GlobalSection(ExtensibilityGlobals) = postSolution
		SolutionGuid = {197ADB62-43BE-4007-90DB-B5CA83B92FDA}
	EndGlobalSection
EndGlobal
